{
  "nodes": {
    "nixpkgs": {
      "locked": {
        "lastModified": 1695559356,
        "narHash": "sha256-kXZ1pUoImD9OEbPCwpTz4tHsNTr4CIyIfXb3ocuR8sI=",
        "path": "/nix/store/dn5wzc9a8hrpml66i6kz5f3q6dr3jjmk-source",
        "rev": "261abe8a44a7e8392598d038d2e01f7b33cf26d0",
        "type": "path"
      },
      "original": {
        "id": "nixpkgs",
        "type": "indirect"
      }
    },
    "root": {
      "inputs": {
        "nixpkgs": "nixpkgs"
      }
    }
  },
  "root": "root",
  "version": 7
}
