{
  "nodes": {
    "nixpkgs": {
      "locked": {
        "lastModified": 1700403855,
        "narHash": "sha256-Q0Uzjik9kUTN9pd/kp52XJi5kletBhy29ctBlAG+III=",
        "path": "/nix/store/7k8b7jmwa2vd52hjby4z1s6p00ifvbkr-source",
        "rev": "0c5678df521e1407884205fe3ce3cf1d7df297db",
        "type": "path"
      },
      "original": {
        "id": "nixpkgs",
        "type": "indirect"
      }
    },
    "root": {
      "inputs": {
        "nixpkgs": "nixpkgs"
      }
    }
  },
  "root": "root",
  "version": 7
}
