{
  "nodes": {
    "nixpkgs": {
      "locked": {
        "lastModified": 1700501263,
        "narHash": "sha256-M0U063Ba2DKL4lMYI7XW13Rsk5tfUXnIYiAVa39AV/0=",
        "path": "/nix/store/m6dw3klgibl22l1xgdnzck3g2gyarg54-source",
        "rev": "f741f8a839912e272d7e87ccf4b9dbc6012cdaf9",
        "type": "path"
      },
      "original": {
        "id": "nixpkgs",
        "type": "indirect"
      }
    },
    "root": {
      "inputs": {
        "nixpkgs": "nixpkgs"
      }
    }
  },
  "root": "root",
  "version": 7
}
