{
  "nodes": {
    "avabible": {
      "inputs": {
        "nixpkgs": "nixpkgs"
      },
      "locked": {
        "lastModified": 1697632951,
        "narHash": "sha256-cEIZQW+4gcO5O5sxUgcjxOsjd0zF956ivh3daMtsRzA=",
        "owner": "alexvanaxe107",
        "repo": "biblia",
        "rev": "8d28577f362ba401b02a4a26d7a59c6aee8e03c3",
        "type": "github"
      },
      "original": {
        "owner": "alexvanaxe107",
        "ref": "master",
        "repo": "biblia",
        "type": "github"
      }
    },
    "avadmenu": {
      "inputs": {
        "nixpkgs": "nixpkgs_2"
      },
      "locked": {
        "lastModified": 1697633514,
        "narHash": "sha256-a6jxLYEXFYoycJuj4bjedXnk1ZCBb/kTYtNmzNt5oCc=",
        "owner": "alexvanaxe107",
        "repo": "ava_dmenu",
        "rev": "f335910c12e5c499baa8ce301e0dece698a1ac16",
        "type": "github"
      },
      "original": {
        "owner": "alexvanaxe107",
        "ref": "master",
        "repo": "ava_dmenu",
        "type": "github"
      }
    },
    "home-manager": {
      "inputs": {
        "nixpkgs": [
          "nixpkgs"
        ]
      },
      "locked": {
        "lastModified": 1695108154,
        "narHash": "sha256-gSg7UTVtls2yO9lKtP0yb66XBHT1Fx5qZSZbGMpSn2c=",
        "owner": "nix-community",
        "repo": "home-manager",
        "rev": "07682fff75d41f18327a871088d20af2710d4744",
        "type": "github"
      },
      "original": {
        "owner": "nix-community",
        "ref": "release-23.05",
        "repo": "home-manager",
        "type": "github"
      }
    },
    "nixpkgs": {
      "locked": {
        "lastModified": 1697226376,
        "narHash": "sha256-cumLLb1QOUtWieUnLGqo+ylNt3+fU8Lcv5Zl+tYbRUE=",
        "path": "/nix/store/fwpalmvh6cnphvvd6n362a5cq22ixniz-source",
        "rev": "898cb2064b6e98b8c5499f37e81adbdf2925f7c5",
        "type": "path"
      },
      "original": {
        "id": "nixpkgs",
        "type": "indirect"
      }
    },
    "nixpkgs_2": {
      "locked": {
        "lastModified": 1697226376,
        "narHash": "sha256-cumLLb1QOUtWieUnLGqo+ylNt3+fU8Lcv5Zl+tYbRUE=",
        "path": "/nix/store/fwpalmvh6cnphvvd6n362a5cq22ixniz-source",
        "rev": "898cb2064b6e98b8c5499f37e81adbdf2925f7c5",
        "type": "path"
      },
      "original": {
        "id": "nixpkgs",
        "type": "indirect"
      }
    },
    "nixpkgs_3": {
      "locked": {
        "lastModified": 1697226376,
        "narHash": "sha256-cumLLb1QOUtWieUnLGqo+ylNt3+fU8Lcv5Zl+tYbRUE=",
        "path": "/nix/store/fwpalmvh6cnphvvd6n362a5cq22ixniz-source",
        "rev": "898cb2064b6e98b8c5499f37e81adbdf2925f7c5",
        "type": "path"
      },
      "original": {
        "id": "nixpkgs",
        "type": "indirect"
      }
    },
    "root": {
      "inputs": {
        "avabible": "avabible",
        "avadmenu": "avadmenu",
        "home-manager": "home-manager",
        "nixpkgs": "nixpkgs_3",
        "unstable": "unstable"
      }
    },
    "unstable": {
      "locked": {
        "lastModified": 1697456312,
        "narHash": "sha256-roiSnrqb5r+ehnKCauPLugoU8S36KgmWraHgRqVYndo=",
        "path": "/nix/store/4smdp3v5a9bcg1hpdhl2hs70rq385ykq-source",
        "rev": "ca012a02bf8327be9e488546faecae5e05d7d749",
        "type": "path"
      },
      "original": {
        "id": "unstable",
        "type": "indirect"
      }
    }
  },
  "root": "root",
  "version": 7
}
