{
  "nodes": {
    "avabible": {
      "inputs": {
        "nixpkgs": "nixpkgs"
      },
      "locked": {
        "lastModified": 1710339457,
        "narHash": "sha256-+UJjYRVV2/lD92Z7QGBU6hwvI97J8VodeWwq05idnWY=",
        "owner": "alexvanaxe107",
        "repo": "biblia",
        "rev": "54776ad39c9e3ded2d694a84fdd012c7d955a35b",
        "type": "github"
      },
      "original": {
        "owner": "alexvanaxe107",
        "ref": "master",
        "repo": "biblia",
        "type": "github"
      }
    },
    "avadmenu": {
      "inputs": {
        "nixpkgs": "nixpkgs_2"
      },
      "locked": {
        "lastModified": 1710339414,
        "narHash": "sha256-JOxKN/O3EWaFUC5iStaEvOrEEo/8CQUHItYkArOAW38=",
        "owner": "alexvanaxe107",
        "repo": "ava_dmenu",
        "rev": "55aa2ff310790b55c0ff6bd7dd0ab9e66549b74b",
        "type": "github"
      },
      "original": {
        "owner": "alexvanaxe107",
        "ref": "master",
        "repo": "ava_dmenu",
        "type": "github"
      }
    },
    "avafonts": {
      "inputs": {
        "nixpkgs": "nixpkgs_3"
      },
      "locked": {
        "lastModified": 1710339559,
        "narHash": "sha256-PITr2mXUvBZ6dVYhItBpVjD4vkudWYMKoQfzK7M1CwQ=",
        "owner": "alexvanaxe107",
        "repo": "fonts",
        "rev": "6481d535ad5d35cafc653a53a9111e402df9710f",
        "type": "github"
      },
      "original": {
        "owner": "alexvanaxe107",
        "ref": "master",
        "repo": "fonts",
        "type": "github"
      }
    },
    "avatdm": {
      "inputs": {
        "nixpkgs": "nixpkgs_4"
      },
      "locked": {
        "lastModified": 1710339633,
        "narHash": "sha256-ZpjK0dPInjf405M6H37tYGQGow+2jSsXWQWQ62uMJ+c=",
        "owner": "alexvanaxe107",
        "repo": "tdm_flakes",
        "rev": "0229c415c6c10a39f763c3276cb5d882bd1f538b",
        "type": "github"
      },
      "original": {
        "owner": "alexvanaxe107",
        "ref": "main",
        "repo": "tdm_flakes",
        "type": "github"
      }
    },
    "home-manager": {
      "inputs": {
        "nixpkgs": [
          "nixpkgs"
        ]
      },
      "locked": {
        "lastModified": 1706981411,
        "narHash": "sha256-cLbLPTL1CDmETVh4p0nQtvoF+FSEjsnJTFpTxhXywhQ=",
        "owner": "nix-community",
        "repo": "home-manager",
        "rev": "652fda4ca6dafeb090943422c34ae9145787af37",
        "type": "github"
      },
      "original": {
        "owner": "nix-community",
        "ref": "release-23.11",
        "repo": "home-manager",
        "type": "github"
      }
    },
    "nixpkgs": {
      "locked": {
        "lastModified": 1710162809,
        "narHash": "sha256-i2R2bcnQp+85de67yjgZVvJhd6rRnJbSYNpGmB6Leb8=",
        "path": "/nix/store/zwzh9ag7jab7gkzxjhbgmns0hbzqfkfn-source",
        "rev": "ddcd7598b2184008c97e6c9c6a21c5f37590b8d2",
        "type": "path"
      },
      "original": {
        "id": "nixpkgs",
        "type": "indirect"
      }
    },
    "nixpkgs_2": {
      "locked": {
        "lastModified": 1710162809,
        "narHash": "sha256-i2R2bcnQp+85de67yjgZVvJhd6rRnJbSYNpGmB6Leb8=",
        "path": "/nix/store/zwzh9ag7jab7gkzxjhbgmns0hbzqfkfn-source",
        "rev": "ddcd7598b2184008c97e6c9c6a21c5f37590b8d2",
        "type": "path"
      },
      "original": {
        "id": "nixpkgs",
        "type": "indirect"
      }
    },
    "nixpkgs_3": {
      "locked": {
        "lastModified": 1710162809,
        "narHash": "sha256-i2R2bcnQp+85de67yjgZVvJhd6rRnJbSYNpGmB6Leb8=",
        "path": "/nix/store/zwzh9ag7jab7gkzxjhbgmns0hbzqfkfn-source",
        "rev": "ddcd7598b2184008c97e6c9c6a21c5f37590b8d2",
        "type": "path"
      },
      "original": {
        "id": "nixpkgs",
        "type": "indirect"
      }
    },
    "nixpkgs_4": {
      "locked": {
        "lastModified": 1710162809,
        "narHash": "sha256-i2R2bcnQp+85de67yjgZVvJhd6rRnJbSYNpGmB6Leb8=",
        "path": "/nix/store/zwzh9ag7jab7gkzxjhbgmns0hbzqfkfn-source",
        "rev": "ddcd7598b2184008c97e6c9c6a21c5f37590b8d2",
        "type": "path"
      },
      "original": {
        "id": "nixpkgs",
        "type": "indirect"
      }
    },
    "nixpkgs_5": {
      "locked": {
        "lastModified": 1710162809,
        "narHash": "sha256-i2R2bcnQp+85de67yjgZVvJhd6rRnJbSYNpGmB6Leb8=",
        "path": "/nix/store/zwzh9ag7jab7gkzxjhbgmns0hbzqfkfn-source",
        "rev": "ddcd7598b2184008c97e6c9c6a21c5f37590b8d2",
        "type": "path"
      },
      "original": {
        "id": "nixpkgs",
        "type": "indirect"
      }
    },
    "root": {
      "inputs": {
        "avabible": "avabible",
        "avadmenu": "avadmenu",
        "avafonts": "avafonts",
        "avatdm": "avatdm",
        "home-manager": "home-manager",
        "nixpkgs": "nixpkgs_5",
        "unstable": "unstable"
      }
    },
    "unstable": {
      "locked": {
        "lastModified": 1710272261,
        "narHash": "sha256-g0bDwXFmTE7uGDOs9HcJsfLFhH7fOsASbAuOzDC+fhQ=",
        "path": "/nix/store/k5l01g2zwhysjyl5zjvg5zxnj0lyxpp1-source",
        "rev": "0ad13a6833440b8e238947e47bea7f11071dc2b2",
        "type": "path"
      },
      "original": {
        "id": "unstable",
        "type": "indirect"
      }
    }
  },
  "root": "root",
  "version": 7
}
